
Microsoft Visual Studio Solution File, Format Version 12.00
# Visual Studio Version 17
VisualStudioVersion = 17.1.32319.34
MinimumVisualStudioVersion = 10.0.40219.1
Project("{FAE04EC0-301F-11D3-BF4B-00C04F79EFBC}") = "Stream-Reader-Writer-Json-Xml", "Stream-Reader-Writer-Json-Xml\Stream-Reader-Writer-Json-Xml.csproj", "{C0B4BB24-B383-44AE-9A3D-F881168830D0}"
EndProject
Global
	GlobalSection(SolutionConfigurationPlatforms) = preSolution
		Debug|Any CPU = Debug|Any CPU
		Release|Any CPU = Release|Any CPU
	EndGlobalSection
	GlobalSection(ProjectConfigurationPlatforms) = postSolution
		{C0B4BB24-B383-44AE-9A3D-F881168830D0}.Debug|Any CPU.ActiveCfg = Debug|Any CPU
		{C0B4BB24-B383-44AE-9A3D-F881168830D0}.Debug|Any CPU.Build.0 = Debug|Any CPU
		{C0B4BB24-B383-44AE-9A3D-F881168830D0}.Release|Any CPU.ActiveCfg = Release|Any CPU
		{C0B4BB24-B383-44AE-9A3D-F881168830D0}.Release|Any CPU.Build.0 = Release|Any CPU
	EndGlobalSection
	GlobalSection(SolutionProperties) = preSolution
		HideSolutionNode = FALSE
	EndGlobalSection
	GlobalSection(ExtensibilityGlobals) = postSolution
		SolutionGuid = {0BDB9A20-8928-4E72-A071-CEC174A30F5B}
	EndGlobalSection
EndGlobal
